// !$*UTF8*$!
{
	archiveVersion = 1;
	classes = {
	};
	objectVersion = 56;
	objects = {

/* Begin PBXBuildFile section */
		AA9B6E8C2BA1C1DB003240C5 /* Appetizers_AppApp.swift in Sources */ = {isa = PBXBuildFile; fileRef = AA9B6E8B2BA1C1DB003240C5 /* Appetizers_AppApp.swift */; };
		AA9B6E8E2BA1C1DB003240C5 /* AppetizerTabView.swift in Sources */ = {isa = PBXBuildFile; fileRef = AA9B6E8D2BA1C1DB003240C5 /* AppetizerTabView.swift */; };
		AA9B6E902BA1C1DE003240C5 /* Assets.xcassets in Resources */ = {isa = PBXBuildFile; fileRef = AA9B6E8F2BA1C1DE003240C5 /* Assets.xcassets */; };
		AA9B6E932BA1C1DE003240C5 /* Preview Assets.xcassets in Resources */ = {isa = PBXBuildFile; fileRef = AA9B6E922BA1C1DE003240C5 /* Preview Assets.xcassets */; };
		AA9B6E9A2BA1C47C003240C5 /* AppetizerListView.swift in Sources */ = {isa = PBXBuildFile; fileRef = AA9B6E992BA1C47C003240C5 /* AppetizerListView.swift */; };
		AA9B6E9C2BA1C486003240C5 /* AccountView.swift in Sources */ = {isa = PBXBuildFile; fileRef = AA9B6E9B2BA1C486003240C5 /* AccountView.swift */; };
		AA9B6E9E2BA1C48F003240C5 /* OrderView.swift in Sources */ = {isa = PBXBuildFile; fileRef = AA9B6E9D2BA1C48F003240C5 /* OrderView.swift */; };
		AA9B6EA32BA1D5D5003240C5 /* Appetizer.swift in Sources */ = {isa = PBXBuildFile; fileRef = AA9B6EA22BA1D5D5003240C5 /* Appetizer.swift */; };
		AA9B6EA62BA1DEE2003240C5 /* AppetizerListCell.swift in Sources */ = {isa = PBXBuildFile; fileRef = AA9B6EA52BA1DEE2003240C5 /* AppetizerListCell.swift */; };
		AA9B6EA92BA1E0D5003240C5 /* NetworkManager.swift in Sources */ = {isa = PBXBuildFile; fileRef = AA9B6EA82BA1E0D5003240C5 /* NetworkManager.swift */; };
		AA9B6EAC2BA1E20A003240C5 /* APError.swift in Sources */ = {isa = PBXBuildFile; fileRef = AA9B6EAB2BA1E20A003240C5 /* APError.swift */; };
		AA9B6EAF2BA1EF80003240C5 /* AppetizerListViewModel.swift in Sources */ = {isa = PBXBuildFile; fileRef = AA9B6EAE2BA1EF80003240C5 /* AppetizerListViewModel.swift */; };
		AA9BFBDD2BA8595600EC309A /* AppetizerDetailView.swift in Sources */ = {isa = PBXBuildFile; fileRef = AA9BFBDC2BA8595600EC309A /* AppetizerDetailView.swift */; };
		AACC56172BA4736F001DB189 /* Alert.swift in Sources */ = {isa = PBXBuildFile; fileRef = AACC56162BA4736F001DB189 /* Alert.swift */; };
		AACC56192BA48DD7001DB189 /* LoadingView.swift in Sources */ = {isa = PBXBuildFile; fileRef = AACC56182BA48DD7001DB189 /* LoadingView.swift */; };
		AACC561B2BA85074001DB189 /* RemoteImage.swift in Sources */ = {isa = PBXBuildFile; fileRef = AACC561A2BA85074001DB189 /* RemoteImage.swift */; };
/* End PBXBuildFile section */

/* Begin PBXFileReference section */
		AA9B6E882BA1C1DB003240C5 /* Appetizers App.app */ = {isa = PBXFileReference; explicitFileType = wrapper.application; includeInIndex = 0; path = "Appetizers App.app"; sourceTree = BUILT_PRODUCTS_DIR; };
		AA9B6E8B2BA1C1DB003240C5 /* Appetizers_AppApp.swift */ = {isa = PBXFileReference; lastKnownFileType = sourcecode.swift; path = Appetizers_AppApp.swift; sourceTree = "<group>"; };
		AA9B6E8D2BA1C1DB003240C5 /* AppetizerTabView.swift */ = {isa = PBXFileReference; lastKnownFileType = sourcecode.swift; path = AppetizerTabView.swift; sourceTree = "<group>"; };
		AA9B6E8F2BA1C1DE003240C5 /* Assets.xcassets */ = {isa = PBXFileReference; lastKnownFileType = folder.assetcatalog; path = Assets.xcassets; sourceTree = "<group>"; };
		AA9B6E922BA1C1DE003240C5 /* Preview Assets.xcassets */ = {isa = PBXFileReference; lastKnownFileType = folder.assetcatalog; path = "Preview Assets.xcassets"; sourceTree = "<group>"; };
		AA9B6E992BA1C47C003240C5 /* AppetizerListView.swift */ = {isa = PBXFileReference; lastKnownFileType = sourcecode.swift; path = AppetizerListView.swift; sourceTree = "<group>"; };
		AA9B6E9B2BA1C486003240C5 /* AccountView.swift */ = {isa = PBXFileReference; lastKnownFileType = sourcecode.swift; path = AccountView.swift; sourceTree = "<group>"; };
		AA9B6E9D2BA1C48F003240C5 /* OrderView.swift */ = {isa = PBXFileReference; lastKnownFileType = sourcecode.swift; path = OrderView.swift; sourceTree = "<group>"; };
		AA9B6EA22BA1D5D5003240C5 /* Appetizer.swift */ = {isa = PBXFileReference; lastKnownFileType = sourcecode.swift; path = Appetizer.swift; sourceTree = "<group>"; };
		AA9B6EA52BA1DEE2003240C5 /* AppetizerListCell.swift */ = {isa = PBXFileReference; lastKnownFileType = sourcecode.swift; path = AppetizerListCell.swift; sourceTree = "<group>"; };
		AA9B6EA82BA1E0D5003240C5 /* NetworkManager.swift */ = {isa = PBXFileReference; lastKnownFileType = sourcecode.swift; path = NetworkManager.swift; sourceTree = "<group>"; };
		AA9B6EAB2BA1E20A003240C5 /* APError.swift */ = {isa = PBXFileReference; lastKnownFileType = sourcecode.swift; path = APError.swift; sourceTree = "<group>"; };
		AA9B6EAE2BA1EF80003240C5 /* AppetizerListViewModel.swift */ = {isa = PBXFileReference; lastKnownFileType = sourcecode.swift; path = AppetizerListViewModel.swift; sourceTree = "<group>"; };
		AA9BFBDC2BA8595600EC309A /* AppetizerDetailView.swift */ = {isa = PBXFileReference; lastKnownFileType = sourcecode.swift; path = AppetizerDetailView.swift; sourceTree = "<group>"; };
		AACC56162BA4736F001DB189 /* Alert.swift */ = {isa = PBXFileReference; lastKnownFileType = sourcecode.swift; path = Alert.swift; sourceTree = "<group>"; };
		AACC56182BA48DD7001DB189 /* LoadingView.swift */ = {isa = PBXFileReference; lastKnownFileType = sourcecode.swift; path = LoadingView.swift; sourceTree = "<group>"; };
		AACC561A2BA85074001DB189 /* RemoteImage.swift */ = {isa = PBXFileReference; lastKnownFileType = sourcecode.swift; path = RemoteImage.swift; sourceTree = "<group>"; };
/* End PBXFileReference section */

/* Begin PBXFrameworksBuildPhase section */
		AA9B6E852BA1C1DB003240C5 /* Frameworks */ = {
			isa = PBXFrameworksBuildPhase;
			buildActionMask = 2147483647;
			files = (
			);
			runOnlyForDeploymentPostprocessing = 0;
		};
/* End PBXFrameworksBuildPhase section */

/* Begin PBXGroup section */
		AA9B6E7F2BA1C1DB003240C5 = {
			isa = PBXGroup;
			children = (
				AA9B6E8A2BA1C1DB003240C5 /* Appetizers App */,
				AA9B6E892BA1C1DB003240C5 /* Products */,
			);
			sourceTree = "<group>";
		};
		AA9B6E892BA1C1DB003240C5 /* Products */ = {
			isa = PBXGroup;
			children = (
				AA9B6E882BA1C1DB003240C5 /* Appetizers App.app */,
			);
			name = Products;
			sourceTree = "<group>";
		};
		AA9B6E8A2BA1C1DB003240C5 /* Appetizers App */ = {
			isa = PBXGroup;
			children = (
				AA9B6EA02BA1CB4D003240C5 /* Support */,
				AA9B6EA12BA1D3B1003240C5 /* Model */,
				AA9B6EA42BA1DED6003240C5 /* View */,
				AA9B6E9F2BA1CB36003240C5 /* Screen */,
				AA9B6EA72BA1E0C9003240C5 /* Manager */,
				AA9B6EAA2BA1E200003240C5 /* Utilz */,
				AA9BFBDB2BA8579100EC309A /* Extensions */,
				AA9B6E912BA1C1DE003240C5 /* Preview Content */,
			);
			path = "Appetizers App";
			sourceTree = "<group>";
		};
		AA9B6E912BA1C1DE003240C5 /* Preview Content */ = {
			isa = PBXGroup;
			children = (
				AA9B6E922BA1C1DE003240C5 /* Preview Assets.xcassets */,
			);
			path = "Preview Content";
			sourceTree = "<group>";
		};
		AA9B6E9F2BA1CB36003240C5 /* Screen */ = {
			isa = PBXGroup;
			children = (
				AA9B6E8D2BA1C1DB003240C5 /* AppetizerTabView.swift */,
				AA9B6EAD2BA1EF68003240C5 /* AppetizerListView */,
				AA9BFBD52BA856B900EC309A /* OrderView */,
				AA9BFBD62BA856D700EC309A /* AccountView */,
				AA9BFBDC2BA8595600EC309A /* AppetizerDetailView.swift */,
			);
			path = Screen;
			sourceTree = "<group>";
		};
		AA9B6EA02BA1CB4D003240C5 /* Support */ = {
			isa = PBXGroup;
			children = (
				AA9B6E8B2BA1C1DB003240C5 /* Appetizers_AppApp.swift */,
				AA9B6E8F2BA1C1DE003240C5 /* Assets.xcassets */,
			);
			path = Support;
			sourceTree = "<group>";
		};
		AA9B6EA12BA1D3B1003240C5 /* Model */ = {
			isa = PBXGroup;
			children = (
				AA9B6EA22BA1D5D5003240C5 /* Appetizer.swift */,
			);
			path = Model;
			sourceTree = "<group>";
		};
		AA9B6EA42BA1DED6003240C5 /* View */ = {
			isa = PBXGroup;
			children = (
				AA9BFBD92BA8576100EC309A /* Image */,
				AA9BFBD82BA8575A00EC309A /* Cells */,
				AA9BFBD72BA8574D00EC309A /* UIKitComponents */,
			);
			path = View;
			sourceTree = "<group>";
		};
		AA9B6EA72BA1E0C9003240C5 /* Manager */ = {
			isa = PBXGroup;
			children = (
				AA9B6EA82BA1E0D5003240C5 /* NetworkManager.swift */,
			);
			path = Manager;
			sourceTree = "<group>";
		};
		AA9B6EAA2BA1E200003240C5 /* Utilz */ = {
			isa = PBXGroup;
			children = (
				AA9B6EAB2BA1E20A003240C5 /* APError.swift */,
				AACC56162BA4736F001DB189 /* Alert.swift */,
			);
			path = Utilz;
			sourceTree = "<group>";
		};
		AA9B6EAD2BA1EF68003240C5 /* AppetizerListView */ = {
			isa = PBXGroup;
			children = (
				AA9B6E992BA1C47C003240C5 /* AppetizerListView.swift */,
				AA9B6EAE2BA1EF80003240C5 /* AppetizerListViewModel.swift */,
			);
			path = AppetizerListView;
			sourceTree = "<group>";
		};
		AA9BFBD52BA856B900EC309A /* OrderView */ = {
			isa = PBXGroup;
			children = (
				AA9B6E9D2BA1C48F003240C5 /* OrderView.swift */,
			);
			path = OrderView;
			sourceTree = "<group>";
		};
		AA9BFBD62BA856D700EC309A /* AccountView */ = {
			isa = PBXGroup;
			children = (
				AA9B6E9B2BA1C486003240C5 /* AccountView.swift */,
			);
			path = AccountView;
			sourceTree = "<group>";
		};
		AA9BFBD72BA8574D00EC309A /* UIKitComponents */ = {
			isa = PBXGroup;
			children = (
				AACC56182BA48DD7001DB189 /* LoadingView.swift */,
			);
			path = UIKitComponents;
			sourceTree = "<group>";
		};
		AA9BFBD82BA8575A00EC309A /* Cells */ = {
			isa = PBXGroup;
			children = (
				AA9B6EA52BA1DEE2003240C5 /* AppetizerListCell.swift */,
			);
			path = Cells;
			sourceTree = "<group>";
		};
		AA9BFBD92BA8576100EC309A /* Image */ = {
			isa = PBXGroup;
			children = (
				AACC561A2BA85074001DB189 /* RemoteImage.swift */,
			);
			path = Image;
			sourceTree = "<group>";
		};
		AA9BFBDB2BA8579100EC309A /* Extensions */ = {
			isa = PBXGroup;
			children = (
			);
			path = Extensions;
			sourceTree = "<group>";
		};
/* End PBXGroup section */

/* Begin PBXNativeTarget section */
		AA9B6E872BA1C1DB003240C5 /* Appetizers App */ = {
			isa = PBXNativeTarget;
			buildConfigurationList = AA9B6E962BA1C1DE003240C5 /* Build configuration list for PBXNativeTarget "Appetizers App" */;
			buildPhases = (
				AA9B6E842BA1C1DB003240C5 /* Sources */,
				AA9B6E852BA1C1DB003240C5 /* Frameworks */,
				AA9B6E862BA1C1DB003240C5 /* Resources */,
			);
			buildRules = (
			);
			dependencies = (
			);
			name = "Appetizers App";
			productName = "Appetizers App";
			productReference = AA9B6E882BA1C1DB003240C5 /* Appetizers App.app */;
			productType = "com.apple.product-type.application";
		};
/* End PBXNativeTarget section */

/* Begin PBXProject section */
		AA9B6E802BA1C1DB003240C5 /* Project object */ = {
			isa = PBXProject;
			attributes = {
				BuildIndependentTargetsInParallel = 1;
				LastSwiftUpdateCheck = 1500;
				LastUpgradeCheck = 1500;
				TargetAttributes = {
					AA9B6E872BA1C1DB003240C5 = {
						CreatedOnToolsVersion = 15.0.1;
					};
				};
			};
			buildConfigurationList = AA9B6E832BA1C1DB003240C5 /* Build configuration list for PBXProject "Appetizers App" */;
			compatibilityVersion = "Xcode 14.0";
			developmentRegion = en;
			hasScannedForEncodings = 0;
			knownRegions = (
				en,
				Base,
			);
			mainGroup = AA9B6E7F2BA1C1DB003240C5;
			productRefGroup = AA9B6E892BA1C1DB003240C5 /* Products */;
			projectDirPath = "";
			projectRoot = "";
			targets = (
				AA9B6E872BA1C1DB003240C5 /* Appetizers App */,
			);
		};
/* End PBXProject section */

/* Begin PBXResourcesBuildPhase section */
		AA9B6E862BA1C1DB003240C5 /* Resources */ = {
			isa = PBXResourcesBuildPhase;
			buildActionMask = 2147483647;
			files = (
				AA9B6E932BA1C1DE003240C5 /* Preview Assets.xcassets in Resources */,
				AA9B6E902BA1C1DE003240C5 /* Assets.xcassets in Resources */,
			);
			runOnlyForDeploymentPostprocessing = 0;
		};
/* End PBXResourcesBuildPhase section */

/* Begin PBXSourcesBuildPhase section */
		AA9B6E842BA1C1DB003240C5 /* Sources */ = {
			isa = PBXSourcesBuildPhase;
			buildActionMask = 2147483647;
			files = (
				AA9B6EA32BA1D5D5003240C5 /* Appetizer.swift in Sources */,
				AA9B6EAC2BA1E20A003240C5 /* APError.swift in Sources */,
				AA9B6EA62BA1DEE2003240C5 /* AppetizerListCell.swift in Sources */,
				AA9B6EAF2BA1EF80003240C5 /* AppetizerListViewModel.swift in Sources */,
				AA9B6E9C2BA1C486003240C5 /* AccountView.swift in Sources */,
				AACC56192BA48DD7001DB189 /* LoadingView.swift in Sources */,
				AACC561B2BA85074001DB189 /* RemoteImage.swift in Sources */,
				AA9B6E8E2BA1C1DB003240C5 /* AppetizerTabView.swift in Sources */,
				AA9BFBDD2BA8595600EC309A /* AppetizerDetailView.swift in Sources */,
				AA9B6EA92BA1E0D5003240C5 /* NetworkManager.swift in Sources */,
				AA9B6E8C2BA1C1DB003240C5 /* Appetizers_AppApp.swift in Sources */,
				AACC56172BA4736F001DB189 /* Alert.swift in Sources */,
				AA9B6E9A2BA1C47C003240C5 /* AppetizerListView.swift in Sources */,
				AA9B6E9E2BA1C48F003240C5 /* OrderView.swift in Sources */,
			);
			runOnlyForDeploymentPostprocessing = 0;
		};
/* End PBXSourcesBuildPhase section */

/* Begin XCBuildConfiguration section */
		AA9B6E942BA1C1DE003240C5 /* Debug */ = {
			isa = XCBuildConfiguration;
			buildSettings = {
				ALWAYS_SEARCH_USER_PATHS = NO;
				ASSETCATALOG_COMPILER_GENERATE_SWIFT_ASSET_SYMBOL_EXTENSIONS = YES;
				CLANG_ANALYZER_NONNULL = YES;
				CLANG_ANALYZER_NUMBER_OBJECT_CONVERSION = YES_AGGRESSIVE;
				CLANG_CXX_LANGUAGE_STANDARD = "gnu++20";
				CLANG_ENABLE_MODULES = YES;
				CLANG_ENABLE_OBJC_ARC = YES;
				CLANG_ENABLE_OBJC_WEAK = YES;
				CLANG_WARN_BLOCK_CAPTURE_AUTORELEASING = YES;
				CLANG_WARN_BOOL_CONVERSION = YES;
				CLANG_WARN_COMMA = YES;
				CLANG_WARN_CONSTANT_CONVERSION = YES;
				CLANG_WARN_DEPRECATED_OBJC_IMPLEMENTATIONS = YES;
				CLANG_WARN_DIRECT_OBJC_ISA_USAGE = YES_ERROR;
				CLANG_WARN_DOCUMENTATION_COMMENTS = YES;
				CLANG_WARN_EMPTY_BODY = YES;
				CLANG_WARN_ENUM_CONVERSION = YES;
				CLANG_WARN_INFINITE_RECURSION = YES;
				CLANG_WARN_INT_CONVERSION = YES;
				CLANG_WARN_NON_LITERAL_NULL_CONVERSION = YES;
				CLANG_WARN_OBJC_IMPLICIT_RETAIN_SELF = YES;
				CLANG_WARN_OBJC_LITERAL_CONVERSION = YES;
				CLANG_WARN_OBJC_ROOT_CLASS = YES_ERROR;
				CLANG_WARN_QUOTED_INCLUDE_IN_FRAMEWORK_HEADER = YES;
				CLANG_WARN_RANGE_LOOP_ANALYSIS = YES;
				CLANG_WARN_STRICT_PROTOTYPES = YES;
				CLANG_WARN_SUSPICIOUS_MOVE = YES;
				CLANG_WARN_UNGUARDED_AVAILABILITY = YES_AGGRESSIVE;
				CLANG_WARN_UNREACHABLE_CODE = YES;
				CLANG_WARN__DUPLICATE_METHOD_MATCH = YES;
				COPY_PHASE_STRIP = NO;
				DEBUG_INFORMATION_FORMAT = dwarf;
				ENABLE_STRICT_OBJC_MSGSEND = YES;
				ENABLE_TESTABILITY = YES;
				ENABLE_USER_SCRIPT_SANDBOXING = YES;
				GCC_C_LANGUAGE_STANDARD = gnu17;
				GCC_DYNAMIC_NO_PIC = NO;
				GCC_NO_COMMON_BLOCKS = YES;
				GCC_OPTIMIZATION_LEVEL = 0;
				GCC_PREPROCESSOR_DEFINITIONS = (
					"DEBUG=1",
					"$(inherited)",
				);
				GCC_WARN_64_TO_32_BIT_CONVERSION = YES;
				GCC_WARN_ABOUT_RETURN_TYPE = YES_ERROR;
				GCC_WARN_UNDECLARED_SELECTOR = YES;
				GCC_WARN_UNINITIALIZED_AUTOS = YES_AGGRESSIVE;
				GCC_WARN_UNUSED_FUNCTION = YES;
				GCC_WARN_UNUSED_VARIABLE = YES;
				IPHONEOS_DEPLOYMENT_TARGET = 17.0;
				LOCALIZATION_PREFERS_STRING_CATALOGS = YES;
				MTL_ENABLE_DEBUG_INFO = INCLUDE_SOURCE;
				MTL_FAST_MATH = YES;
				ONLY_ACTIVE_ARCH = YES;
				SDKROOT = iphoneos;
				SWIFT_ACTIVE_COMPILATION_CONDITIONS = "DEBUG $(inherited)";
				SWIFT_OPTIMIZATION_LEVEL = "-Onone";
			};
			name = Debug;
		};
		AA9B6E952BA1C1DE003240C5 /* Release */ = {
			isa = XCBuildConfiguration;
			buildSettings = {
				ALWAYS_SEARCH_USER_PATHS = NO;
				ASSETCATALOG_COMPILER_GENERATE_SWIFT_ASSET_SYMBOL_EXTENSIONS = YES;
				CLANG_ANALYZER_NONNULL = YES;
				CLANG_ANALYZER_NUMBER_OBJECT_CONVERSION = YES_AGGRESSIVE;
				CLANG_CXX_LANGUAGE_STANDARD = "gnu++20";
				CLANG_ENABLE_MODULES = YES;
				CLANG_ENABLE_OBJC_ARC = YES;
				CLANG_ENABLE_OBJC_WEAK = YES;
				CLANG_WARN_BLOCK_CAPTURE_AUTORELEASING = YES;
				CLANG_WARN_BOOL_CONVERSION = YES;
				CLANG_WARN_COMMA = YES;
				CLANG_WARN_CONSTANT_CONVERSION = YES;
				CLANG_WARN_DEPRECATED_OBJC_IMPLEMENTATIONS = YES;
				CLANG_WARN_DIRECT_OBJC_ISA_USAGE = YES_ERROR;
				CLANG_WARN_DOCUMENTATION_COMMENTS = YES;
				CLANG_WARN_EMPTY_BODY = YES;
				CLANG_WARN_ENUM_CONVERSION = YES;
				CLANG_WARN_INFINITE_RECURSION = YES;
				CLANG_WARN_INT_CONVERSION = YES;
				CLANG_WARN_NON_LITERAL_NULL_CONVERSION = YES;
				CLANG_WARN_OBJC_IMPLICIT_RETAIN_SELF = YES;
				CLANG_WARN_OBJC_LITERAL_CONVERSION = YES;
				CLANG_WARN_OBJC_ROOT_CLASS = YES_ERROR;
				CLANG_WARN_QUOTED_INCLUDE_IN_FRAMEWORK_HEADER = YES;
				CLANG_WARN_RANGE_LOOP_ANALYSIS = YES;
				CLANG_WARN_STRICT_PROTOTYPES = YES;
				CLANG_WARN_SUSPICIOUS_MOVE = YES;
				CLANG_WARN_UNGUARDED_AVAILABILITY = YES_AGGRESSIVE;
				CLANG_WARN_UNREACHABLE_CODE = YES;
				CLANG_WARN__DUPLICATE_METHOD_MATCH = YES;
				COPY_PHASE_STRIP = NO;
				DEBUG_INFORMATION_FORMAT = "dwarf-with-dsym";
				ENABLE_NS_ASSERTIONS = NO;
				ENABLE_STRICT_OBJC_MSGSEND = YES;
				ENABLE_USER_SCRIPT_SANDBOXING = YES;
				GCC_C_LANGUAGE_STANDARD = gnu17;
				GCC_NO_COMMON_BLOCKS = YES;
				GCC_WARN_64_TO_32_BIT_CONVERSION = YES;
				GCC_WARN_ABOUT_RETURN_TYPE = YES_ERROR;
				GCC_WARN_UNDECLARED_SELECTOR = YES;
				GCC_WARN_UNINITIALIZED_AUTOS = YES_AGGRESSIVE;
				GCC_WARN_UNUSED_FUNCTION = YES;
				GCC_WARN_UNUSED_VARIABLE = YES;
				IPHONEOS_DEPLOYMENT_TARGET = 17.0;
				LOCALIZATION_PREFERS_STRING_CATALOGS = YES;
				MTL_ENABLE_DEBUG_INFO = NO;
				MTL_FAST_MATH = YES;
				SDKROOT = iphoneos;
				SWIFT_COMPILATION_MODE = wholemodule;
				VALIDATE_PRODUCT = YES;
			};
			name = Release;
		};
		AA9B6E972BA1C1DE003240C5 /* Debug */ = {
			isa = XCBuildConfiguration;
			buildSettings = {
				ASSETCATALOG_COMPILER_APPICON_NAME = AppIcon;
				ASSETCATALOG_COMPILER_GLOBAL_ACCENT_COLOR_NAME = AccentColor;
				CODE_SIGN_STYLE = Automatic;
				CURRENT_PROJECT_VERSION = 1;
				DEVELOPMENT_ASSET_PATHS = "\"Appetizers App/Preview Content\"";
				DEVELOPMENT_TEAM = AM3BMZ58QA;
				ENABLE_PREVIEWS = YES;
				GENERATE_INFOPLIST_FILE = YES;
				INFOPLIST_KEY_UIApplicationSceneManifest_Generation = YES;
				INFOPLIST_KEY_UIApplicationSupportsIndirectInputEvents = YES;
				INFOPLIST_KEY_UILaunchScreen_Generation = YES;
				INFOPLIST_KEY_UISupportedInterfaceOrientations_iPad = "UIInterfaceOrientationPortrait UIInterfaceOrientationPortraitUpsideDown UIInterfaceOrientationLandscapeLeft UIInterfaceOrientationLandscapeRight";
				INFOPLIST_KEY_UISupportedInterfaceOrientations_iPhone = "UIInterfaceOrientationPortrait UIInterfaceOrientationLandscapeLeft UIInterfaceOrientationLandscapeRight";
				LD_RUNPATH_SEARCH_PATHS = (
					"$(inherited)",
					"@executable_path/Frameworks",
				);
				MARKETING_VERSION = 1.0;
				PRODUCT_BUNDLE_IDENTIFIER = "com.berkinkoca.Appetizers-App";
				PRODUCT_NAME = "$(TARGET_NAME)";
				SWIFT_EMIT_LOC_STRINGS = YES;
				SWIFT_VERSION = 5.0;
				TARGETED_DEVICE_FAMILY = "1,2";
			};
			name = Debug;
		};
		AA9B6E982BA1C1DE003240C5 /* Release */ = {
			isa = XCBuildConfiguration;
			buildSettings = {
				ASSETCATALOG_COMPILER_APPICON_NAME = AppIcon;
				ASSETCATALOG_COMPILER_GLOBAL_ACCENT_COLOR_NAME = AccentColor;
				CODE_SIGN_STYLE = Automatic;
				CURRENT_PROJECT_VERSION = 1;
				DEVELOPMENT_ASSET_PATHS = "\"Appetizers App/Preview Content\"";
				DEVELOPMENT_TEAM = AM3BMZ58QA;
				ENABLE_PREVIEWS = YES;
				GENERATE_INFOPLIST_FILE = YES;
				INFOPLIST_KEY_UIApplicationSceneManifest_Generation = YES;
				INFOPLIST_KEY_UIApplicationSupportsIndirectInputEvents = YES;
				INFOPLIST_KEY_UILaunchScreen_Generation = YES;
				INFOPLIST_KEY_UISupportedInterfaceOrientations_iPad = "UIInterfaceOrientationPortrait UIInterfaceOrientationPortraitUpsideDown UIInterfaceOrientationLandscapeLeft UIInterfaceOrientationLandscapeRight";
				INFOPLIST_KEY_UISupportedInterfaceOrientations_iPhone = "UIInterfaceOrientationPortrait UIInterfaceOrientationLandscapeLeft UIInterfaceOrientationLandscapeRight";
				LD_RUNPATH_SEARCH_PATHS = (
					"$(inherited)",
					"@executable_path/Frameworks",
				);
				MARKETING_VERSION = 1.0;
				PRODUCT_BUNDLE_IDENTIFIER = "com.berkinkoca.Appetizers-App";
				PRODUCT_NAME = "$(TARGET_NAME)";
				SWIFT_EMIT_LOC_STRINGS = YES;
				SWIFT_VERSION = 5.0;
				TARGETED_DEVICE_FAMILY = "1,2";
			};
			name = Release;
		};
/* End XCBuildConfiguration section */

/* Begin XCConfigurationList section */
		AA9B6E832BA1C1DB003240C5 /* Build configuration list for PBXProject "Appetizers App" */ = {
			isa = XCConfigurationList;
			buildConfigurations = (
				AA9B6E942BA1C1DE003240C5 /* Debug */,
				AA9B6E952BA1C1DE003240C5 /* Release */,
			);
			defaultConfigurationIsVisible = 0;
			defaultConfigurationName = Release;
		};
		AA9B6E962BA1C1DE003240C5 /* Build configuration list for PBXNativeTarget "Appetizers App" */ = {
			isa = XCConfigurationList;
			buildConfigurations = (
				AA9B6E972BA1C1DE003240C5 /* Debug */,
				AA9B6E982BA1C1DE003240C5 /* Release */,
			);
			defaultConfigurationIsVisible = 0;
			defaultConfigurationName = Release;
		};
/* End XCConfigurationList section */
	};
	rootObject = AA9B6E802BA1C1DB003240C5 /* Project object */;
}
